// !$*UTF8*$!
{
	archiveVersion = 1;
	classes = {
	};
	objectVersion = 56;
	objects = {

/* Begin PBXBuildFile section */
		051A4CD02C5FE6D5000E5421 /* DefaultsKeys.swift in Sources */ = {isa = PBXBuildFile; fileRef = 051A4CCF2C5FE6D5000E5421 /* DefaultsKeys.swift */; };
		051A4CD32C5FE70A000E5421 /* Defaults in Frameworks */ = {isa = PBXBuildFile; productRef = 051A4CD22C5FE70A000E5421 /* Defaults */; };
		051A4CD62C5FFED6000E5421 /* Settings in Frameworks */ = {isa = PBXBuildFile; productRef = 051A4CD52C5FFED6000E5421 /* Settings */; };
		051A4CD92C5FFF5F000E5421 /* LaunchAtLogin in Frameworks */ = {isa = PBXBuildFile; productRef = 051A4CD82C5FFF5F000E5421 /* LaunchAtLogin */; };
		051A4CE02C60023D000E5421 /* SettingsView.swift in Sources */ = {isa = PBXBuildFile; fileRef = 051A4CDF2C60023D000E5421 /* SettingsView.swift */; };
		054825EA2C5B1C320061463F /* DirectoryMonitor.swift in Sources */ = {isa = PBXBuildFile; fileRef = 054825E92C5B1C320061463F /* DirectoryMonitor.swift */; };
		054825EC2C5B1C940061463F /* DropshelfController.swift in Sources */ = {isa = PBXBuildFile; fileRef = 054825EB2C5B1C940061463F /* DropshelfController.swift */; };
		054825EE2C5C762B0061463F /* Notifications.swift in Sources */ = {isa = PBXBuildFile; fileRef = 054825ED2C5C762B0061463F /* Notifications.swift */; };
		0578374B2C59848C0072C5A0 /* App.swift in Sources */ = {isa = PBXBuildFile; fileRef = 0578374A2C59848C0072C5A0 /* App.swift */; };
		0578374F2C59848E0072C5A0 /* Assets.xcassets in Resources */ = {isa = PBXBuildFile; fileRef = 0578374E2C59848E0072C5A0 /* Assets.xcassets */; };
		057837522C59848E0072C5A0 /* Preview Assets.xcassets in Resources */ = {isa = PBXBuildFile; fileRef = 057837512C59848E0072C5A0 /* Preview Assets.xcassets */; };
		0578375A2C598DA20072C5A0 /* AppDelegate.swift in Sources */ = {isa = PBXBuildFile; fileRef = 057837592C598DA20072C5A0 /* AppDelegate.swift */; };
		05C0C7152C601B0D000ADAC6 /* SettingsWindowManager.swift in Sources */ = {isa = PBXBuildFile; fileRef = 05C0C7142C601B0D000ADAC6 /* SettingsWindowManager.swift */; };
		05F52ED82C62918900CF67FA /* Localizable.xcstrings in Resources */ = {isa = PBXBuildFile; fileRef = 05F52ED72C62918900CF67FA /* Localizable.xcstrings */; };
/* End PBXBuildFile section */

/* Begin PBXFileReference section */
		051A4CCF2C5FE6D5000E5421 /* DefaultsKeys.swift */ = {isa = PBXFileReference; lastKnownFileType = sourcecode.swift; path = DefaultsKeys.swift; sourceTree = "<group>"; };
		051A4CDF2C60023D000E5421 /* SettingsView.swift */ = {isa = PBXFileReference; lastKnownFileType = sourcecode.swift; path = SettingsView.swift; sourceTree = "<group>"; };
		054825E92C5B1C320061463F /* DirectoryMonitor.swift */ = {isa = PBXFileReference; lastKnownFileType = sourcecode.swift; path = DirectoryMonitor.swift; sourceTree = "<group>"; };
		054825EB2C5B1C940061463F /* DropshelfController.swift */ = {isa = PBXFileReference; lastKnownFileType = sourcecode.swift; path = DropshelfController.swift; sourceTree = "<group>"; };
		054825ED2C5C762B0061463F /* Notifications.swift */ = {isa = PBXFileReference; lastKnownFileType = sourcecode.swift; path = Notifications.swift; sourceTree = "<group>"; };
		057837472C59848C0072C5A0 /* AutoShelf.app */ = {isa = PBXFileReference; explicitFileType = wrapper.application; includeInIndex = 0; path = AutoShelf.app; sourceTree = BUILT_PRODUCTS_DIR; };
		0578374A2C59848C0072C5A0 /* App.swift */ = {isa = PBXFileReference; lastKnownFileType = sourcecode.swift; path = App.swift; sourceTree = "<group>"; };
		0578374E2C59848E0072C5A0 /* Assets.xcassets */ = {isa = PBXFileReference; lastKnownFileType = folder.assetcatalog; path = Assets.xcassets; sourceTree = "<group>"; };
		057837512C59848E0072C5A0 /* Preview Assets.xcassets */ = {isa = PBXFileReference; lastKnownFileType = folder.assetcatalog; path = "Preview Assets.xcassets"; sourceTree = "<group>"; };
		057837532C59848E0072C5A0 /* AutoShelf.entitlements */ = {isa = PBXFileReference; lastKnownFileType = text.plist.entitlements; path = AutoShelf.entitlements; sourceTree = "<group>"; };
		057837592C598DA20072C5A0 /* AppDelegate.swift */ = {isa = PBXFileReference; lastKnownFileType = sourcecode.swift; path = AppDelegate.swift; sourceTree = "<group>"; };
		05C0C7142C601B0D000ADAC6 /* SettingsWindowManager.swift */ = {isa = PBXFileReference; fileEncoding = 4; lastKnownFileType = sourcecode.swift; path = SettingsWindowManager.swift; sourceTree = "<group>"; };
		05F52ED72C62918900CF67FA /* Localizable.xcstrings */ = {isa = PBXFileReference; lastKnownFileType = text.json.xcstrings; path = Localizable.xcstrings; sourceTree = "<group>"; };
/* End PBXFileReference section */

/* Begin PBXFrameworksBuildPhase section */
		057837442C59848C0072C5A0 /* Frameworks */ = {
			isa = PBXFrameworksBuildPhase;
			buildActionMask = 2147483647;
			files = (
				051A4CD92C5FFF5F000E5421 /* LaunchAtLogin in Frameworks */,
				051A4CD32C5FE70A000E5421 /* Defaults in Frameworks */,
				051A4CD62C5FFED6000E5421 /* Settings in Frameworks */,
			);
			runOnlyForDeploymentPostprocessing = 0;
		};
/* End PBXFrameworksBuildPhase section */

/* Begin PBXGroup section */
		0578373E2C59848C0072C5A0 = {
			isa = PBXGroup;
			children = (
				05F52ED72C62918900CF67FA /* Localizable.xcstrings */,
				057837492C59848C0072C5A0 /* AutoShelf */,
				057837482C59848C0072C5A0 /* Products */,
			);
			sourceTree = "<group>";
		};
		057837482C59848C0072C5A0 /* Products */ = {
			isa = PBXGroup;
			children = (
				057837472C59848C0072C5A0 /* AutoShelf.app */,
			);
			name = Products;
			sourceTree = "<group>";
		};
		057837492C59848C0072C5A0 /* AutoShelf */ = {
			isa = PBXGroup;
			children = (
				0578374A2C59848C0072C5A0 /* App.swift */,
				057837592C598DA20072C5A0 /* AppDelegate.swift */,
				051A4CDF2C60023D000E5421 /* SettingsView.swift */,
				05C0C7142C601B0D000ADAC6 /* SettingsWindowManager.swift */,
				051A4CCF2C5FE6D5000E5421 /* DefaultsKeys.swift */,
				054825E92C5B1C320061463F /* DirectoryMonitor.swift */,
				054825EB2C5B1C940061463F /* DropshelfController.swift */,
				054825ED2C5C762B0061463F /* Notifications.swift */,
				0578374E2C59848E0072C5A0 /* Assets.xcassets */,
				057837532C59848E0072C5A0 /* AutoShelf.entitlements */,
				057837502C59848E0072C5A0 /* Preview Content */,
			);
			path = AutoShelf;
			sourceTree = "<group>";
		};
		057837502C59848E0072C5A0 /* Preview Content */ = {
			isa = PBXGroup;
			children = (
				057837512C59848E0072C5A0 /* Preview Assets.xcassets */,
			);
			path = "Preview Content";
			sourceTree = "<group>";
		};
/* End PBXGroup section */

/* Begin PBXNativeTarget section */
		057837462C59848C0072C5A0 /* AutoShelf */ = {
			isa = PBXNativeTarget;
			buildConfigurationList = 057837562C59848E0072C5A0 /* Build configuration list for PBXNativeTarget "AutoShelf" */;
			buildPhases = (
				057837432C59848C0072C5A0 /* Sources */,
				057837442C59848C0072C5A0 /* Frameworks */,
				057837452C59848C0072C5A0 /* Resources */,
			);
			buildRules = (
			);
			dependencies = (
			);
			name = AutoShelf;
			packageProductDependencies = (
				051A4CD22C5FE70A000E5421 /* Defaults */,
				051A4CD52C5FFED6000E5421 /* Settings */,
				051A4CD82C5FFF5F000E5421 /* LaunchAtLogin */,
			);
			productName = AutoShelf;
			productReference = 057837472C59848C0072C5A0 /* AutoShelf.app */;
			productType = "com.apple.product-type.application";
		};
/* End PBXNativeTarget section */

/* Begin PBXProject section */
		0578373F2C59848C0072C5A0 /* Project object */ = {
			isa = PBXProject;
			attributes = {
				BuildIndependentTargetsInParallel = 1;
				LastSwiftUpdateCheck = 1540;
				LastUpgradeCheck = 1540;
				TargetAttributes = {
					057837462C59848C0072C5A0 = {
						CreatedOnToolsVersion = 15.4;
					};
				};
			};
			buildConfigurationList = 057837422C59848C0072C5A0 /* Build configuration list for PBXProject "AutoShelf" */;
			compatibilityVersion = "Xcode 14.0";
			developmentRegion = en;
			hasScannedForEncodings = 0;
			knownRegions = (
				en,
				Base,
				he,
			);
			mainGroup = 0578373E2C59848C0072C5A0;
			packageReferences = (
				051A4CD12C5FE70A000E5421 /* XCRemoteSwiftPackageReference "Defaults" */,
				051A4CD42C5FFED6000E5421 /* XCRemoteSwiftPackageReference "Settings" */,
				051A4CD72C5FFF5F000E5421 /* XCRemoteSwiftPackageReference "LaunchAtLogin-Modern" */,
			);
			productRefGroup = 057837482C59848C0072C5A0 /* Products */;
			projectDirPath = "";
			projectRoot = "";
			targets = (
				057837462C59848C0072C5A0 /* AutoShelf */,
			);
		};
/* End PBXProject section */

/* Begin PBXResourcesBuildPhase section */
		057837452C59848C0072C5A0 /* Resources */ = {
			isa = PBXResourcesBuildPhase;
			buildActionMask = 2147483647;
			files = (
				057837522C59848E0072C5A0 /* Preview Assets.xcassets in Resources */,
				0578374F2C59848E0072C5A0 /* Assets.xcassets in Resources */,
				05F52ED82C62918900CF67FA /* Localizable.xcstrings in Resources */,
			);
			runOnlyForDeploymentPostprocessing = 0;
		};
/* End PBXResourcesBuildPhase section */

/* Begin PBXSourcesBuildPhase section */
		057837432C59848C0072C5A0 /* Sources */ = {
			isa = PBXSourcesBuildPhase;
			buildActionMask = 2147483647;
			files = (
				051A4CE02C60023D000E5421 /* SettingsView.swift in Sources */,
				051A4CD02C5FE6D5000E5421 /* DefaultsKeys.swift in Sources */,
				05C0C7152C601B0D000ADAC6 /* SettingsWindowManager.swift in Sources */,
				054825EE2C5C762B0061463F /* Notifications.swift in Sources */,
				054825EC2C5B1C940061463F /* DropshelfController.swift in Sources */,
				054825EA2C5B1C320061463F /* DirectoryMonitor.swift in Sources */,
				0578375A2C598DA20072C5A0 /* AppDelegate.swift in Sources */,
				0578374B2C59848C0072C5A0 /* App.swift in Sources */,
			);
			runOnlyForDeploymentPostprocessing = 0;
		};
/* End PBXSourcesBuildPhase section */

/* Begin XCBuildConfiguration section */
		057837542C59848E0072C5A0 /* Debug */ = {
			isa = XCBuildConfiguration;
			buildSettings = {
				ALWAYS_SEARCH_USER_PATHS = NO;
				ASSETCATALOG_COMPILER_GENERATE_SWIFT_ASSET_SYMBOL_EXTENSIONS = YES;
				CLANG_ANALYZER_NONNULL = YES;
				CLANG_ANALYZER_NUMBER_OBJECT_CONVERSION = YES_AGGRESSIVE;
				CLANG_CXX_LANGUAGE_STANDARD = "gnu++20";
				CLANG_ENABLE_MODULES = YES;
				CLANG_ENABLE_OBJC_ARC = YES;
				CLANG_ENABLE_OBJC_WEAK = YES;
				CLANG_WARN_BLOCK_CAPTURE_AUTORELEASING = YES;
				CLANG_WARN_BOOL_CONVERSION = YES;
				CLANG_WARN_COMMA = YES;
				CLANG_WARN_CONSTANT_CONVERSION = YES;
				CLANG_WARN_DEPRECATED_OBJC_IMPLEMENTATIONS = YES;
				CLANG_WARN_DIRECT_OBJC_ISA_USAGE = YES_ERROR;
				CLANG_WARN_DOCUMENTATION_COMMENTS = YES;
				CLANG_WARN_EMPTY_BODY = YES;
				CLANG_WARN_ENUM_CONVERSION = YES;
				CLANG_WARN_INFINITE_RECURSION = YES;
				CLANG_WARN_INT_CONVERSION = YES;
				CLANG_WARN_NON_LITERAL_NULL_CONVERSION = YES;
				CLANG_WARN_OBJC_IMPLICIT_RETAIN_SELF = YES;
				CLANG_WARN_OBJC_LITERAL_CONVERSION = YES;
				CLANG_WARN_OBJC_ROOT_CLASS = YES_ERROR;
				CLANG_WARN_QUOTED_INCLUDE_IN_FRAMEWORK_HEADER = YES;
				CLANG_WARN_RANGE_LOOP_ANALYSIS = YES;
				CLANG_WARN_STRICT_PROTOTYPES = YES;
				CLANG_WARN_SUSPICIOUS_MOVE = YES;
				CLANG_WARN_UNGUARDED_AVAILABILITY = YES_AGGRESSIVE;
				CLANG_WARN_UNREACHABLE_CODE = YES;
				CLANG_WARN__DUPLICATE_METHOD_MATCH = YES;
				COPY_PHASE_STRIP = NO;
				DEAD_CODE_STRIPPING = YES;
				DEBUG_INFORMATION_FORMAT = dwarf;
				ENABLE_STRICT_OBJC_MSGSEND = YES;
				ENABLE_TESTABILITY = YES;
				ENABLE_USER_SCRIPT_SANDBOXING = YES;
				GCC_C_LANGUAGE_STANDARD = gnu17;
				GCC_DYNAMIC_NO_PIC = NO;
				GCC_NO_COMMON_BLOCKS = YES;
				GCC_OPTIMIZATION_LEVEL = 0;
				GCC_PREPROCESSOR_DEFINITIONS = (
					"DEBUG=1",
					"$(inherited)",
				);
				GCC_WARN_64_TO_32_BIT_CONVERSION = YES;
				GCC_WARN_ABOUT_RETURN_TYPE = YES_ERROR;
				GCC_WARN_UNDECLARED_SELECTOR = YES;
				GCC_WARN_UNINITIALIZED_AUTOS = YES_AGGRESSIVE;
				GCC_WARN_UNUSED_FUNCTION = YES;
				GCC_WARN_UNUSED_VARIABLE = YES;
				LOCALIZATION_PREFERS_STRING_CATALOGS = YES;
				MACOSX_DEPLOYMENT_TARGET = 14.5;
				MTL_ENABLE_DEBUG_INFO = INCLUDE_SOURCE;
				MTL_FAST_MATH = YES;
				ONLY_ACTIVE_ARCH = YES;
				SDKROOT = macosx;
				SWIFT_ACTIVE_COMPILATION_CONDITIONS = "DEBUG $(inherited)";
				SWIFT_OPTIMIZATION_LEVEL = "-Onone";
			};
			name = Debug;
		};
		057837552C59848E0072C5A0 /* Release */ = {
			isa = XCBuildConfiguration;
			buildSettings = {
				ALWAYS_SEARCH_USER_PATHS = NO;
				ASSETCATALOG_COMPILER_GENERATE_SWIFT_ASSET_SYMBOL_EXTENSIONS = YES;
				CLANG_ANALYZER_NONNULL = YES;
				CLANG_ANALYZER_NUMBER_OBJECT_CONVERSION = YES_AGGRESSIVE;
				CLANG_CXX_LANGUAGE_STANDARD = "gnu++20";
				CLANG_ENABLE_MODULES = YES;
				CLANG_ENABLE_OBJC_ARC = YES;
				CLANG_ENABLE_OBJC_WEAK = YES;
				CLANG_WARN_BLOCK_CAPTURE_AUTORELEASING = YES;
				CLANG_WARN_BOOL_CONVERSION = YES;
				CLANG_WARN_COMMA = YES;
				CLANG_WARN_CONSTANT_CONVERSION = YES;
				CLANG_WARN_DEPRECATED_OBJC_IMPLEMENTATIONS = YES;
				CLANG_WARN_DIRECT_OBJC_ISA_USAGE = YES_ERROR;
				CLANG_WARN_DOCUMENTATION_COMMENTS = YES;
				CLANG_WARN_EMPTY_BODY = YES;
				CLANG_WARN_ENUM_CONVERSION = YES;
				CLANG_WARN_INFINITE_RECURSION = YES;
				CLANG_WARN_INT_CONVERSION = YES;
				CLANG_WARN_NON_LITERAL_NULL_CONVERSION = YES;
				CLANG_WARN_OBJC_IMPLICIT_RETAIN_SELF = YES;
				CLANG_WARN_OBJC_LITERAL_CONVERSION = YES;
				CLANG_WARN_OBJC_ROOT_CLASS = YES_ERROR;
				CLANG_WARN_QUOTED_INCLUDE_IN_FRAMEWORK_HEADER = YES;
				CLANG_WARN_RANGE_LOOP_ANALYSIS = YES;
				CLANG_WARN_STRICT_PROTOTYPES = YES;
				CLANG_WARN_SUSPICIOUS_MOVE = YES;
				CLANG_WARN_UNGUARDED_AVAILABILITY = YES_AGGRESSIVE;
				CLANG_WARN_UNREACHABLE_CODE = YES;
				CLANG_WARN__DUPLICATE_METHOD_MATCH = YES;
				COPY_PHASE_STRIP = NO;
				DEAD_CODE_STRIPPING = YES;
				DEBUG_INFORMATION_FORMAT = "dwarf-with-dsym";
				ENABLE_NS_ASSERTIONS = NO;
				ENABLE_STRICT_OBJC_MSGSEND = YES;
				ENABLE_USER_SCRIPT_SANDBOXING = YES;
				GCC_C_LANGUAGE_STANDARD = gnu17;
				GCC_NO_COMMON_BLOCKS = YES;
				GCC_WARN_64_TO_32_BIT_CONVERSION = YES;
				GCC_WARN_ABOUT_RETURN_TYPE = YES_ERROR;
				GCC_WARN_UNDECLARED_SELECTOR = YES;
				GCC_WARN_UNINITIALIZED_AUTOS = YES_AGGRESSIVE;
				GCC_WARN_UNUSED_FUNCTION = YES;
				GCC_WARN_UNUSED_VARIABLE = YES;
				LOCALIZATION_PREFERS_STRING_CATALOGS = YES;
				MACOSX_DEPLOYMENT_TARGET = 14.5;
				MTL_ENABLE_DEBUG_INFO = NO;
				MTL_FAST_MATH = YES;
				SDKROOT = macosx;
				SWIFT_COMPILATION_MODE = wholemodule;
			};
			name = Release;
		};
		057837572C59848E0072C5A0 /* Debug */ = {
			isa = XCBuildConfiguration;
			buildSettings = {
				ASSETCATALOG_COMPILER_APPICON_NAME = AppIcon;
				ASSETCATALOG_COMPILER_GLOBAL_ACCENT_COLOR_NAME = AccentColor;
				CODE_SIGN_ENTITLEMENTS = AutoShelf/AutoShelf.entitlements;
				CODE_SIGN_IDENTITY = "Apple Development";
				"CODE_SIGN_IDENTITY[sdk=macosx*]" = "Apple Development";
				CODE_SIGN_STYLE = Automatic;
				COMBINE_HIDPI_IMAGES = YES;
				CURRENT_PROJECT_VERSION = 1;
				DEAD_CODE_STRIPPING = YES;
				DEVELOPMENT_ASSET_PATHS = "\"AutoShelf/Preview Content\"";
				DEVELOPMENT_TEAM = FFZ78R3652;
				ENABLE_HARDENED_RUNTIME = YES;
				ENABLE_PREVIEWS = YES;
				GENERATE_INFOPLIST_FILE = YES;
				INFOPLIST_KEY_NSDownloadsFolderUsageDescription = "This app needs access to your Downloads folder to monitor for new files.";
				INFOPLIST_KEY_NSHumanReadableCopyright = "";
				LD_RUNPATH_SEARCH_PATHS = (
					"$(inherited)",
					"@executable_path/../Frameworks",
				);
				MARKETING_VERSION = 1.0;
				PRODUCT_BUNDLE_IDENTIFIER = com.shlomocode.AutoShelf;
				PRODUCT_NAME = "$(TARGET_NAME)";
				PROVISIONING_PROFILE_SPECIFIER = "";
				SWIFT_EMIT_LOC_STRINGS = YES;
				SWIFT_VERSION = 5.0;
			};
			name = Debug;
		};
		057837582C59848E0072C5A0 /* Release */ = {
			isa = XCBuildConfiguration;
			buildSettings = {
				ASSETCATALOG_COMPILER_APPICON_NAME = AppIcon;
				ASSETCATALOG_COMPILER_GLOBAL_ACCENT_COLOR_NAME = AccentColor;
				CODE_SIGN_ENTITLEMENTS = AutoShelf/AutoShelf.entitlements;
				CODE_SIGN_IDENTITY = "Apple Development";
				"CODE_SIGN_IDENTITY[sdk=macosx*]" = "Apple Development";
				CODE_SIGN_STYLE = Automatic;
				COMBINE_HIDPI_IMAGES = YES;
				CURRENT_PROJECT_VERSION = 1;
				DEAD_CODE_STRIPPING = YES;
				DEVELOPMENT_ASSET_PATHS = "\"AutoShelf/Preview Content\"";
				DEVELOPMENT_TEAM = FFZ78R3652;
				ENABLE_HARDENED_RUNTIME = YES;
				ENABLE_PREVIEWS = YES;
				GENERATE_INFOPLIST_FILE = YES;
				INFOPLIST_KEY_NSDownloadsFolderUsageDescription = "This app needs access to your Downloads folder to monitor for new files.";
				INFOPLIST_KEY_NSHumanReadableCopyright = "";
				LD_RUNPATH_SEARCH_PATHS = (
					"$(inherited)",
					"@executable_path/../Frameworks",
				);
				MARKETING_VERSION = 1.0;
				PRODUCT_BUNDLE_IDENTIFIER = com.shlomocode.AutoShelf;
				PRODUCT_NAME = "$(TARGET_NAME)";
				PROVISIONING_PROFILE_SPECIFIER = "";
				SWIFT_EMIT_LOC_STRINGS = YES;
				SWIFT_VERSION = 5.0;
			};
			name = Release;
		};
/* End XCBuildConfiguration section */

/* Begin XCConfigurationList section */
		057837422C59848C0072C5A0 /* Build configuration list for PBXProject "AutoShelf" */ = {
			isa = XCConfigurationList;
			buildConfigurations = (
				057837542C59848E0072C5A0 /* Debug */,
				057837552C59848E0072C5A0 /* Release */,
			);
			defaultConfigurationIsVisible = 0;
			defaultConfigurationName = Release;
		};
		057837562C59848E0072C5A0 /* Build configuration list for PBXNativeTarget "AutoShelf" */ = {
			isa = XCConfigurationList;
			buildConfigurations = (
				057837572C59848E0072C5A0 /* Debug */,
				057837582C59848E0072C5A0 /* Release */,
			);
			defaultConfigurationIsVisible = 0;
			defaultConfigurationName = Release;
		};
/* End XCConfigurationList section */

/* Begin XCRemoteSwiftPackageReference section */
		051A4CD12C5FE70A000E5421 /* XCRemoteSwiftPackageReference "Defaults" */ = {
			isa = XCRemoteSwiftPackageReference;
			repositoryURL = "https://github.com/sindresorhus/Defaults";
			requirement = {
				kind = upToNextMajorVersion;
				minimumVersion = 8.2.0;
			};
		};
		051A4CD42C5FFED6000E5421 /* XCRemoteSwiftPackageReference "Settings" */ = {
			isa = XCRemoteSwiftPackageReference;
			repositoryURL = "https://github.com/sindresorhus/Settings";
			requirement = {
				kind = upToNextMajorVersion;
				minimumVersion = 3.1.1;
			};
		};
		051A4CD72C5FFF5F000E5421 /* XCRemoteSwiftPackageReference "LaunchAtLogin-Modern" */ = {
			isa = XCRemoteSwiftPackageReference;
			repositoryURL = "https://github.com/sindresorhus/LaunchAtLogin-Modern";
			requirement = {
				kind = upToNextMajorVersion;
				minimumVersion = 1.1.0;
			};
		};
/* End XCRemoteSwiftPackageReference section */

/* Begin XCSwiftPackageProductDependency section */
		051A4CD22C5FE70A000E5421 /* Defaults */ = {
			isa = XCSwiftPackageProductDependency;
			package = 051A4CD12C5FE70A000E5421 /* XCRemoteSwiftPackageReference "Defaults" */;
			productName = Defaults;
		};
		051A4CD52C5FFED6000E5421 /* Settings */ = {
			isa = XCSwiftPackageProductDependency;
			package = 051A4CD42C5FFED6000E5421 /* XCRemoteSwiftPackageReference "Settings" */;
			productName = Settings;
		};
		051A4CD82C5FFF5F000E5421 /* LaunchAtLogin */ = {
			isa = XCSwiftPackageProductDependency;
			package = 051A4CD72C5FFF5F000E5421 /* XCRemoteSwiftPackageReference "LaunchAtLogin-Modern" */;
			productName = LaunchAtLogin;
		};
/* End XCSwiftPackageProductDependency section */
	};
	rootObject = 0578373F2C59848C0072C5A0 /* Project object */;
}
